
Microsoft Visual Studio Solution File, Format Version 12.00
# Visual Studio Version 17
VisualStudioVersion = 17.0.32126.317
MinimumVisualStudioVersion = 10.0.40219.1
Project("{FAE04EC0-301F-11D3-BF4B-00C04F79EFBC}") = "Class05", "Class05\Class05.csproj", "{67F28E33-4CEC-407C-96B8-39ECD09F512E}"
EndProject
Global
	GlobalSection(SolutionConfigurationPlatforms) = preSolution
		Debug|Any CPU = Debug|Any CPU
		Release|Any CPU = Release|Any CPU
	EndGlobalSection
	GlobalSection(ProjectConfigurationPlatforms) = postSolution
		{67F28E33-4CEC-407C-96B8-39ECD09F512E}.Debug|Any CPU.ActiveCfg = Debug|Any CPU
		{67F28E33-4CEC-407C-96B8-39ECD09F512E}.Debug|Any CPU.Build.0 = Debug|Any CPU
		{67F28E33-4CEC-407C-96B8-39ECD09F512E}.Release|Any CPU.ActiveCfg = Release|Any CPU
		{67F28E33-4CEC-407C-96B8-39ECD09F512E}.Release|Any CPU.Build.0 = Release|Any CPU
	EndGlobalSection
	GlobalSection(SolutionProperties) = preSolution
		HideSolutionNode = FALSE
	EndGlobalSection
	GlobalSection(ExtensibilityGlobals) = postSolution
		SolutionGuid = {510E539D-BA85-4FC5-A829-E685569E516E}
	EndGlobalSection
EndGlobal
